// !$*UTF8*$!
{
	archiveVersion = 1;
	classes = {
	};
	objectVersion = 50;
	objects = {

/* Begin PBXBuildFile section */
		17009A7622494D0D00B19DCD /* AppDelegate.swift in Sources */ = {isa = PBXBuildFile; fileRef = 17009A7522494D0D00B19DCD /* AppDelegate.swift */; };
		17009A7822494D0D00B19DCD /* WeatherViewController.swift in Sources */ = {isa = PBXBuildFile; fileRef = 17009A7722494D0D00B19DCD /* WeatherViewController.swift */; };
		17009A7D22494D0F00B19DCD /* Assets.xcassets in Resources */ = {isa = PBXBuildFile; fileRef = 17009A7C22494D0F00B19DCD /* Assets.xcassets */; };
		17009A8022494D0F00B19DCD /* LaunchScreen.storyboard in Resources */ = {isa = PBXBuildFile; fileRef = 17009A7E22494D0F00B19DCD /* LaunchScreen.storyboard */; };
		17009A8822494EF900B19DCD /* TopCityWeatherCell.swift in Sources */ = {isa = PBXBuildFile; fileRef = 17009A8722494EF900B19DCD /* TopCityWeatherCell.swift */; };
		17009A8A224951B800B19DCD /* APIProvider.swift in Sources */ = {isa = PBXBuildFile; fileRef = 17009A89224951B800B19DCD /* APIProvider.swift */; };
		17009A8C2249528200B19DCD /* SecretKeys.swift in Sources */ = {isa = PBXBuildFile; fileRef = 17009A8B2249528200B19DCD /* SecretKeys.swift */; };
		17009A8E224957A700B19DCD /* TopCityWeather.swift in Sources */ = {isa = PBXBuildFile; fileRef = 17009A8D224957A700B19DCD /* TopCityWeather.swift */; };
		17009A902249CD8300B19DCD /* NSKeyedArchiverManager.swift in Sources */ = {isa = PBXBuildFile; fileRef = 17009A8F2249CD8300B19DCD /* NSKeyedArchiverManager.swift */; };
		17009A98224A05A500B19DCD /* UIViewController+Extension.swift in Sources */ = {isa = PBXBuildFile; fileRef = 17009A97224A05A500B19DCD /* UIViewController+Extension.swift */; };
		17009A9A224A110A00B19DCD /* WeatherFeed.swift in Sources */ = {isa = PBXBuildFile; fileRef = 17009A99224A110A00B19DCD /* WeatherFeed.swift */; };
		17009A9E224B157C00B19DCD /* AccuWeatherError.swift in Sources */ = {isa = PBXBuildFile; fileRef = 17009A9D224B157C00B19DCD /* AccuWeatherError.swift */; };
		17823F35225857A80063BC87 /* Styles.swift in Sources */ = {isa = PBXBuildFile; fileRef = 17823F34225857A80063BC87 /* Styles.swift */; };
		17823F37225858450063BC87 /* APIResult.swift in Sources */ = {isa = PBXBuildFile; fileRef = 17823F36225858450063BC87 /* APIResult.swift */; };
/* End PBXBuildFile section */

/* Begin PBXFileReference section */
		17009A7222494D0D00B19DCD /* NSKeyedArchiverIntroduction.app */ = {isa = PBXFileReference; explicitFileType = wrapper.application; includeInIndex = 0; path = NSKeyedArchiverIntroduction.app; sourceTree = BUILT_PRODUCTS_DIR; };
		17009A7522494D0D00B19DCD /* AppDelegate.swift */ = {isa = PBXFileReference; lastKnownFileType = sourcecode.swift; path = AppDelegate.swift; sourceTree = "<group>"; };
		17009A7722494D0D00B19DCD /* WeatherViewController.swift */ = {isa = PBXFileReference; lastKnownFileType = sourcecode.swift; path = WeatherViewController.swift; sourceTree = "<group>"; };
		17009A7C22494D0F00B19DCD /* Assets.xcassets */ = {isa = PBXFileReference; lastKnownFileType = folder.assetcatalog; path = Assets.xcassets; sourceTree = "<group>"; };
		17009A7F22494D0F00B19DCD /* Base */ = {isa = PBXFileReference; lastKnownFileType = file.storyboard; name = Base; path = Base.lproj/LaunchScreen.storyboard; sourceTree = "<group>"; };
		17009A8122494D0F00B19DCD /* Info.plist */ = {isa = PBXFileReference; lastKnownFileType = text.plist.xml; path = Info.plist; sourceTree = "<group>"; };
		17009A8722494EF900B19DCD /* TopCityWeatherCell.swift */ = {isa = PBXFileReference; lastKnownFileType = sourcecode.swift; path = TopCityWeatherCell.swift; sourceTree = "<group>"; };
		17009A89224951B800B19DCD /* APIProvider.swift */ = {isa = PBXFileReference; lastKnownFileType = sourcecode.swift; path = APIProvider.swift; sourceTree = "<group>"; };
		17009A8B2249528200B19DCD /* SecretKeys.swift */ = {isa = PBXFileReference; lastKnownFileType = sourcecode.swift; path = SecretKeys.swift; sourceTree = "<group>"; };
		17009A8D224957A700B19DCD /* TopCityWeather.swift */ = {isa = PBXFileReference; lastKnownFileType = sourcecode.swift; path = TopCityWeather.swift; sourceTree = "<group>"; };
		17009A8F2249CD8300B19DCD /* NSKeyedArchiverManager.swift */ = {isa = PBXFileReference; lastKnownFileType = sourcecode.swift; path = NSKeyedArchiverManager.swift; sourceTree = "<group>"; };
		17009A97224A05A500B19DCD /* UIViewController+Extension.swift */ = {isa = PBXFileReference; lastKnownFileType = sourcecode.swift; path = "UIViewController+Extension.swift"; sourceTree = "<group>"; };
		17009A99224A110A00B19DCD /* WeatherFeed.swift */ = {isa = PBXFileReference; lastKnownFileType = sourcecode.swift; path = WeatherFeed.swift; sourceTree = "<group>"; };
		17009A9D224B157C00B19DCD /* AccuWeatherError.swift */ = {isa = PBXFileReference; lastKnownFileType = sourcecode.swift; path = AccuWeatherError.swift; sourceTree = "<group>"; };
		17823F34225857A80063BC87 /* Styles.swift */ = {isa = PBXFileReference; lastKnownFileType = sourcecode.swift; path = Styles.swift; sourceTree = "<group>"; };
		17823F36225858450063BC87 /* APIResult.swift */ = {isa = PBXFileReference; lastKnownFileType = sourcecode.swift; path = APIResult.swift; sourceTree = "<group>"; };
/* End PBXFileReference section */

/* Begin PBXFrameworksBuildPhase section */
		17009A6F22494D0D00B19DCD /* Frameworks */ = {
			isa = PBXFrameworksBuildPhase;
			buildActionMask = 2147483647;
			files = (
			);
			runOnlyForDeploymentPostprocessing = 0;
		};
/* End PBXFrameworksBuildPhase section */

/* Begin PBXGroup section */
		17009A6922494D0C00B19DCD = {
			isa = PBXGroup;
			children = (
				17009A7422494D0D00B19DCD /* Classes */,
				17009A7322494D0D00B19DCD /* Products */,
			);
			sourceTree = "<group>";
		};
		17009A7322494D0D00B19DCD /* Products */ = {
			isa = PBXGroup;
			children = (
				17009A7222494D0D00B19DCD /* NSKeyedArchiverIntroduction.app */,
			);
			name = Products;
			sourceTree = "<group>";
		};
		17009A7422494D0D00B19DCD /* Classes */ = {
			isa = PBXGroup;
			children = (
				17823F33225855DE0063BC87 /* Weather */,
				17009A94224A03DF00B19DCD /* Services */,
				17009A95224A03EA00B19DCD /* Helpers */,
				17009A96224A040900B19DCD /* Supporting Files */,
			);
			path = Classes;
			sourceTree = "<group>";
		};
		17009A91224A038600B19DCD /* Model */ = {
			isa = PBXGroup;
			children = (
				17009A99224A110A00B19DCD /* WeatherFeed.swift */,
				17009A8D224957A700B19DCD /* TopCityWeather.swift */,
				17009A9D224B157C00B19DCD /* AccuWeatherError.swift */,
			);
			path = Model;
			sourceTree = "<group>";
		};
		17009A92224A03A500B19DCD /* View */ = {
			isa = PBXGroup;
			children = (
				17009A8722494EF900B19DCD /* TopCityWeatherCell.swift */,
			);
			path = View;
			sourceTree = "<group>";
		};
		17009A93224A03AD00B19DCD /* Controller */ = {
			isa = PBXGroup;
			children = (
				17009A7722494D0D00B19DCD /* WeatherViewController.swift */,
			);
			path = Controller;
			sourceTree = "<group>";
		};
		17009A94224A03DF00B19DCD /* Services */ = {
			isa = PBXGroup;
			children = (
				17823F36225858450063BC87 /* APIResult.swift */,
				17009A89224951B800B19DCD /* APIProvider.swift */,
				17009A8F2249CD8300B19DCD /* NSKeyedArchiverManager.swift */,
			);
			path = Services;
			sourceTree = "<group>";
		};
		17009A95224A03EA00B19DCD /* Helpers */ = {
			isa = PBXGroup;
			children = (
				17823F34225857A80063BC87 /* Styles.swift */,
				17009A8B2249528200B19DCD /* SecretKeys.swift */,
				17009A97224A05A500B19DCD /* UIViewController+Extension.swift */,
			);
			path = Helpers;
			sourceTree = "<group>";
		};
		17009A96224A040900B19DCD /* Supporting Files */ = {
			isa = PBXGroup;
			children = (
				17009A7522494D0D00B19DCD /* AppDelegate.swift */,
				17009A7C22494D0F00B19DCD /* Assets.xcassets */,
				17009A7E22494D0F00B19DCD /* LaunchScreen.storyboard */,
				17009A8122494D0F00B19DCD /* Info.plist */,
			);
			path = "Supporting Files";
			sourceTree = "<group>";
		};
		17823F33225855DE0063BC87 /* Weather */ = {
			isa = PBXGroup;
			children = (
				17009A91224A038600B19DCD /* Model */,
				17009A93224A03AD00B19DCD /* Controller */,
				17009A92224A03A500B19DCD /* View */,
			);
			path = Weather;
			sourceTree = "<group>";
		};
/* End PBXGroup section */

/* Begin PBXNativeTarget section */
		17009A7122494D0D00B19DCD /* NSKeyedArchiverIntroduction */ = {
			isa = PBXNativeTarget;
			buildConfigurationList = 17009A8422494D0F00B19DCD /* Build configuration list for PBXNativeTarget "NSKeyedArchiverIntroduction" */;
			buildPhases = (
				17009A6E22494D0D00B19DCD /* Sources */,
				17009A6F22494D0D00B19DCD /* Frameworks */,
				17009A7022494D0D00B19DCD /* Resources */,
			);
			buildRules = (
			);
			dependencies = (
			);
			name = NSKeyedArchiverIntroduction;
			productName = NSKeyedArchiverIntroduction;
			productReference = 17009A7222494D0D00B19DCD /* NSKeyedArchiverIntroduction.app */;
			productType = "com.apple.product-type.application";
		};
/* End PBXNativeTarget section */

/* Begin PBXProject section */
		17009A6A22494D0C00B19DCD /* Project object */ = {
			isa = PBXProject;
			attributes = {
				LastSwiftUpdateCheck = 1010;
				LastUpgradeCheck = 1010;
				ORGANIZATIONNAME = "Florian LUDOT";
				TargetAttributes = {
					17009A7122494D0D00B19DCD = {
						CreatedOnToolsVersion = 10.1;
					};
				};
			};
			buildConfigurationList = 17009A6D22494D0D00B19DCD /* Build configuration list for PBXProject "NSKeyedArchiverIntroduction" */;
			compatibilityVersion = "Xcode 9.3";
			developmentRegion = en;
			hasScannedForEncodings = 0;
			knownRegions = (
				en,
				Base,
			);
			mainGroup = 17009A6922494D0C00B19DCD;
			productRefGroup = 17009A7322494D0D00B19DCD /* Products */;
			projectDirPath = "";
			projectRoot = "";
			targets = (
				17009A7122494D0D00B19DCD /* NSKeyedArchiverIntroduction */,
			);
		};
/* End PBXProject section */

/* Begin PBXResourcesBuildPhase section */
		17009A7022494D0D00B19DCD /* Resources */ = {
			isa = PBXResourcesBuildPhase;
			buildActionMask = 2147483647;
			files = (
				17009A8022494D0F00B19DCD /* LaunchScreen.storyboard in Resources */,
				17009A7D22494D0F00B19DCD /* Assets.xcassets in Resources */,
			);
			runOnlyForDeploymentPostprocessing = 0;
		};
/* End PBXResourcesBuildPhase section */

/* Begin PBXSourcesBuildPhase section */
		17009A6E22494D0D00B19DCD /* Sources */ = {
			isa = PBXSourcesBuildPhase;
			buildActionMask = 2147483647;
			files = (
				17823F35225857A80063BC87 /* Styles.swift in Sources */,
				17009A7822494D0D00B19DCD /* WeatherViewController.swift in Sources */,
				17009A8E224957A700B19DCD /* TopCityWeather.swift in Sources */,
				17823F37225858450063BC87 /* APIResult.swift in Sources */,
				17009A902249CD8300B19DCD /* NSKeyedArchiverManager.swift in Sources */,
				17009A8A224951B800B19DCD /* APIProvider.swift in Sources */,
				17009A8822494EF900B19DCD /* TopCityWeatherCell.swift in Sources */,
				17009A7622494D0D00B19DCD /* AppDelegate.swift in Sources */,
				17009A8C2249528200B19DCD /* SecretKeys.swift in Sources */,
				17009A98224A05A500B19DCD /* UIViewController+Extension.swift in Sources */,
				17009A9A224A110A00B19DCD /* WeatherFeed.swift in Sources */,
				17009A9E224B157C00B19DCD /* AccuWeatherError.swift in Sources */,
			);
			runOnlyForDeploymentPostprocessing = 0;
		};
/* End PBXSourcesBuildPhase section */

/* Begin PBXVariantGroup section */
		17009A7E22494D0F00B19DCD /* LaunchScreen.storyboard */ = {
			isa = PBXVariantGroup;
			children = (
				17009A7F22494D0F00B19DCD /* Base */,
			);
			name = LaunchScreen.storyboard;
			sourceTree = "<group>";
		};
/* End PBXVariantGroup section */

/* Begin XCBuildConfiguration section */
		17009A8222494D0F00B19DCD /* Debug */ = {
			isa = XCBuildConfiguration;
			buildSettings = {
				ALWAYS_SEARCH_USER_PATHS = NO;
				CLANG_ANALYZER_NONNULL = YES;
				CLANG_ANALYZER_NUMBER_OBJECT_CONVERSION = YES_AGGRESSIVE;
				CLANG_CXX_LANGUAGE_STANDARD = "gnu++14";
				CLANG_CXX_LIBRARY = "libc++";
				CLANG_ENABLE_MODULES = YES;
				CLANG_ENABLE_OBJC_ARC = YES;
				CLANG_ENABLE_OBJC_WEAK = YES;
				CLANG_WARN_BLOCK_CAPTURE_AUTORELEASING = YES;
				CLANG_WARN_BOOL_CONVERSION = YES;
				CLANG_WARN_COMMA = YES;
				CLANG_WARN_CONSTANT_CONVERSION = YES;
				CLANG_WARN_DEPRECATED_OBJC_IMPLEMENTATIONS = YES;
				CLANG_WARN_DIRECT_OBJC_ISA_USAGE = YES_ERROR;
				CLANG_WARN_DOCUMENTATION_COMMENTS = YES;
				CLANG_WARN_EMPTY_BODY = YES;
				CLANG_WARN_ENUM_CONVERSION = YES;
				CLANG_WARN_INFINITE_RECURSION = YES;
				CLANG_WARN_INT_CONVERSION = YES;
				CLANG_WARN_NON_LITERAL_NULL_CONVERSION = YES;
				CLANG_WARN_OBJC_IMPLICIT_RETAIN_SELF = YES;
				CLANG_WARN_OBJC_LITERAL_CONVERSION = YES;
				CLANG_WARN_OBJC_ROOT_CLASS = YES_ERROR;
				CLANG_WARN_RANGE_LOOP_ANALYSIS = YES;
				CLANG_WARN_STRICT_PROTOTYPES = YES;
				CLANG_WARN_SUSPICIOUS_MOVE = YES;
				CLANG_WARN_UNGUARDED_AVAILABILITY = YES_AGGRESSIVE;
				CLANG_WARN_UNREACHABLE_CODE = YES;
				CLANG_WARN__DUPLICATE_METHOD_MATCH = YES;
				CODE_SIGN_IDENTITY = "iPhone Developer";
				COPY_PHASE_STRIP = NO;
				DEBUG_INFORMATION_FORMAT = dwarf;
				ENABLE_STRICT_OBJC_MSGSEND = YES;
				ENABLE_TESTABILITY = YES;
				GCC_C_LANGUAGE_STANDARD = gnu11;
				GCC_DYNAMIC_NO_PIC = NO;
				GCC_NO_COMMON_BLOCKS = YES;
				GCC_OPTIMIZATION_LEVEL = 0;
				GCC_PREPROCESSOR_DEFINITIONS = (
					"DEBUG=1",
					"$(inherited)",
				);
				GCC_WARN_64_TO_32_BIT_CONVERSION = YES;
				GCC_WARN_ABOUT_RETURN_TYPE = YES_ERROR;
				GCC_WARN_UNDECLARED_SELECTOR = YES;
				GCC_WARN_UNINITIALIZED_AUTOS = YES_AGGRESSIVE;
				GCC_WARN_UNUSED_FUNCTION = YES;
				GCC_WARN_UNUSED_VARIABLE = YES;
				IPHONEOS_DEPLOYMENT_TARGET = 12.1;
				MTL_ENABLE_DEBUG_INFO = INCLUDE_SOURCE;
				MTL_FAST_MATH = YES;
				ONLY_ACTIVE_ARCH = YES;
				SDKROOT = iphoneos;
				SWIFT_ACTIVE_COMPILATION_CONDITIONS = DEBUG;
				SWIFT_OPTIMIZATION_LEVEL = "-Onone";
			};
			name = Debug;
		};
		17009A8322494D0F00B19DCD /* Release */ = {
			isa = XCBuildConfiguration;
			buildSettings = {
				ALWAYS_SEARCH_USER_PATHS = NO;
				CLANG_ANALYZER_NONNULL = YES;
				CLANG_ANALYZER_NUMBER_OBJECT_CONVERSION = YES_AGGRESSIVE;
				CLANG_CXX_LANGUAGE_STANDARD = "gnu++14";
				CLANG_CXX_LIBRARY = "libc++";
				CLANG_ENABLE_MODULES = YES;
				CLANG_ENABLE_OBJC_ARC = YES;
				CLANG_ENABLE_OBJC_WEAK = YES;
				CLANG_WARN_BLOCK_CAPTURE_AUTORELEASING = YES;
				CLANG_WARN_BOOL_CONVERSION = YES;
				CLANG_WARN_COMMA = YES;
				CLANG_WARN_CONSTANT_CONVERSION = YES;
				CLANG_WARN_DEPRECATED_OBJC_IMPLEMENTATIONS = YES;
				CLANG_WARN_DIRECT_OBJC_ISA_USAGE = YES_ERROR;
				CLANG_WARN_DOCUMENTATION_COMMENTS = YES;
				CLANG_WARN_EMPTY_BODY = YES;
				CLANG_WARN_ENUM_CONVERSION = YES;
				CLANG_WARN_INFINITE_RECURSION = YES;
				CLANG_WARN_INT_CONVERSION = YES;
				CLANG_WARN_NON_LITERAL_NULL_CONVERSION = YES;
				CLANG_WARN_OBJC_IMPLICIT_RETAIN_SELF = YES;
				CLANG_WARN_OBJC_LITERAL_CONVERSION = YES;
				CLANG_WARN_OBJC_ROOT_CLASS = YES_ERROR;
				CLANG_WARN_RANGE_LOOP_ANALYSIS = YES;
				CLANG_WARN_STRICT_PROTOTYPES = YES;
				CLANG_WARN_SUSPICIOUS_MOVE = YES;
				CLANG_WARN_UNGUARDED_AVAILABILITY = YES_AGGRESSIVE;
				CLANG_WARN_UNREACHABLE_CODE = YES;
				CLANG_WARN__DUPLICATE_METHOD_MATCH = YES;
				CODE_SIGN_IDENTITY = "iPhone Developer";
				COPY_PHASE_STRIP = NO;
				DEBUG_INFORMATION_FORMAT = "dwarf-with-dsym";
				ENABLE_NS_ASSERTIONS = NO;
				ENABLE_STRICT_OBJC_MSGSEND = YES;
				GCC_C_LANGUAGE_STANDARD = gnu11;
				GCC_NO_COMMON_BLOCKS = YES;
				GCC_WARN_64_TO_32_BIT_CONVERSION = YES;
				GCC_WARN_ABOUT_RETURN_TYPE = YES_ERROR;
				GCC_WARN_UNDECLARED_SELECTOR = YES;
				GCC_WARN_UNINITIALIZED_AUTOS = YES_AGGRESSIVE;
				GCC_WARN_UNUSED_FUNCTION = YES;
				GCC_WARN_UNUSED_VARIABLE = YES;
				IPHONEOS_DEPLOYMENT_TARGET = 12.1;
				MTL_ENABLE_DEBUG_INFO = NO;
				MTL_FAST_MATH = YES;
				SDKROOT = iphoneos;
				SWIFT_COMPILATION_MODE = wholemodule;
				SWIFT_OPTIMIZATION_LEVEL = "-O";
				VALIDATE_PRODUCT = YES;
			};
			name = Release;
		};
		17009A8522494D0F00B19DCD /* Debug */ = {
			isa = XCBuildConfiguration;
			buildSettings = {
				ASSETCATALOG_COMPILER_APPICON_NAME = AppIcon;
				CODE_SIGN_STYLE = Automatic;
				DEVELOPMENT_TEAM = 65QBG7L2EW;
				INFOPLIST_FILE = "$(SRCROOT)/Classes/Supporting Files/Info.plist";
				IPHONEOS_DEPLOYMENT_TARGET = 10.0;
				LD_RUNPATH_SEARCH_PATHS = (
					"$(inherited)",
					"@executable_path/Frameworks",
				);
				PRODUCT_BUNDLE_IDENTIFIER = com.florianldt.NSKeyedArchiverIntroduction;
				PRODUCT_NAME = "$(TARGET_NAME)";
				SWIFT_VERSION = 4.2;
				TARGETED_DEVICE_FAMILY = 1;
			};
			name = Debug;
		};
		17009A8622494D0F00B19DCD /* Release */ = {
			isa = XCBuildConfiguration;
			buildSettings = {
				ASSETCATALOG_COMPILER_APPICON_NAME = AppIcon;
				CODE_SIGN_STYLE = Automatic;
				DEVELOPMENT_TEAM = 65QBG7L2EW;
				INFOPLIST_FILE = "$(SRCROOT)/Classes/Supporting Files/Info.plist";
				IPHONEOS_DEPLOYMENT_TARGET = 10.0;
				LD_RUNPATH_SEARCH_PATHS = (
					"$(inherited)",
					"@executable_path/Frameworks",
				);
				PRODUCT_BUNDLE_IDENTIFIER = com.florianldt.NSKeyedArchiverIntroduction;
				PRODUCT_NAME = "$(TARGET_NAME)";
				SWIFT_VERSION = 4.2;
				TARGETED_DEVICE_FAMILY = 1;
			};
			name = Release;
		};
/* End XCBuildConfiguration section */

/* Begin XCConfigurationList section */
		17009A6D22494D0D00B19DCD /* Build configuration list for PBXProject "NSKeyedArchiverIntroduction" */ = {
			isa = XCConfigurationList;
			buildConfigurations = (
				17009A8222494D0F00B19DCD /* Debug */,
				17009A8322494D0F00B19DCD /* Release */,
			);
			defaultConfigurationIsVisible = 0;
			defaultConfigurationName = Release;
		};
		17009A8422494D0F00B19DCD /* Build configuration list for PBXNativeTarget "NSKeyedArchiverIntroduction" */ = {
			isa = XCConfigurationList;
			buildConfigurations = (
				17009A8522494D0F00B19DCD /* Debug */,
				17009A8622494D0F00B19DCD /* Release */,
			);
			defaultConfigurationIsVisible = 0;
			defaultConfigurationName = Release;
		};
/* End XCConfigurationList section */
	};
	rootObject = 17009A6A22494D0C00B19DCD /* Project object */;
}
